
Microsoft Visual Studio Solution File, Format Version 12.00
# Visual Studio Version 16
VisualStudioVersion = 16.0.32802.440
MinimumVisualStudioVersion = 10.0.40219.1
Project("{FAE04EC0-301F-11D3-BF4B-00C04F79EFBC}") = "Hard_HW", "Hard_HW.csproj", "{ED35C9B9-A875-4B95-993C-3F9E583D65FC}"
EndProject
Global
	GlobalSection(SolutionConfigurationPlatforms) = preSolution
		Debug|Any CPU = Debug|Any CPU
		Release|Any CPU = Release|Any CPU
	EndGlobalSection
	GlobalSection(ProjectConfigurationPlatforms) = postSolution
		{ED35C9B9-A875-4B95-993C-3F9E583D65FC}.Debug|Any CPU.ActiveCfg = Debug|Any CPU
		{ED35C9B9-A875-4B95-993C-3F9E583D65FC}.Debug|Any CPU.Build.0 = Debug|Any CPU
		{ED35C9B9-A875-4B95-993C-3F9E583D65FC}.Release|Any CPU.ActiveCfg = Release|Any CPU
		{ED35C9B9-A875-4B95-993C-3F9E583D65FC}.Release|Any CPU.Build.0 = Release|Any CPU
	EndGlobalSection
	GlobalSection(SolutionProperties) = preSolution
		HideSolutionNode = FALSE
	EndGlobalSection
	GlobalSection(ExtensibilityGlobals) = postSolution
		SolutionGuid = {9446803E-1082-4DE2-AA28-96D11A4F1AA4}
	EndGlobalSection
EndGlobal
