
Microsoft Visual Studio Solution File, Format Version 12.00
# Visual Studio Version 16
VisualStudioVersion = 16.0.32802.440
MinimumVisualStudioVersion = 10.0.40219.1
Project("{FAE04EC0-301F-11D3-BF4B-00C04F79EFBC}") = "LaboratoryWork6", "LaboratoryWork6.csproj", "{1F3FDE9B-C032-423E-AD73-5CFE3F8F6267}"
EndProject
Global
	GlobalSection(SolutionConfigurationPlatforms) = preSolution
		Debug|Any CPU = Debug|Any CPU
		Release|Any CPU = Release|Any CPU
	EndGlobalSection
	GlobalSection(ProjectConfigurationPlatforms) = postSolution
		{1F3FDE9B-C032-423E-AD73-5CFE3F8F6267}.Debug|Any CPU.ActiveCfg = Debug|Any CPU
		{1F3FDE9B-C032-423E-AD73-5CFE3F8F6267}.Debug|Any CPU.Build.0 = Debug|Any CPU
		{1F3FDE9B-C032-423E-AD73-5CFE3F8F6267}.Release|Any CPU.ActiveCfg = Release|Any CPU
		{1F3FDE9B-C032-423E-AD73-5CFE3F8F6267}.Release|Any CPU.Build.0 = Release|Any CPU
	EndGlobalSection
	GlobalSection(SolutionProperties) = preSolution
		HideSolutionNode = FALSE
	EndGlobalSection
	GlobalSection(ExtensibilityGlobals) = postSolution
		SolutionGuid = {5544368E-696C-48FF-ADF8-4C443E72A76A}
	EndGlobalSection
EndGlobal
