
Microsoft Visual Studio Solution File, Format Version 12.00
# Visual Studio Version 16
VisualStudioVersion = 16.0.32802.440
MinimumVisualStudioVersion = 10.0.40219.1
Project("{FAE04EC0-301F-11D3-BF4B-00C04F79EFBC}") = "HomeWork4", "HomeWork4.csproj", "{83911A95-038A-44E7-9E7F-0EABB19737C5}"
EndProject
Global
	GlobalSection(SolutionConfigurationPlatforms) = preSolution
		Debug|Any CPU = Debug|Any CPU
		Release|Any CPU = Release|Any CPU
	EndGlobalSection
	GlobalSection(ProjectConfigurationPlatforms) = postSolution
		{83911A95-038A-44E7-9E7F-0EABB19737C5}.Debug|Any CPU.ActiveCfg = Debug|Any CPU
		{83911A95-038A-44E7-9E7F-0EABB19737C5}.Debug|Any CPU.Build.0 = Debug|Any CPU
		{83911A95-038A-44E7-9E7F-0EABB19737C5}.Release|Any CPU.ActiveCfg = Release|Any CPU
		{83911A95-038A-44E7-9E7F-0EABB19737C5}.Release|Any CPU.Build.0 = Release|Any CPU
	EndGlobalSection
	GlobalSection(SolutionProperties) = preSolution
		HideSolutionNode = FALSE
	EndGlobalSection
	GlobalSection(ExtensibilityGlobals) = postSolution
		SolutionGuid = {AF7BF04D-C116-4A75-9863-4D85F6DA7C97}
	EndGlobalSection
EndGlobal
