
Microsoft Visual Studio Solution File, Format Version 12.00
# Visual Studio Version 16
VisualStudioVersion = 16.0.32802.440
MinimumVisualStudioVersion = 10.0.40219.1
Project("{FAE04EC0-301F-11D3-BF4B-00C04F79EFBC}") = "Collor_Buttons_WPF", "Collor_Buttons_WPF\Collor_Buttons_WPF.csproj", "{D429ABC2-66BA-461B-AA83-8075B8733CF6}"
EndProject
Global
	GlobalSection(SolutionConfigurationPlatforms) = preSolution
		Debug|Any CPU = Debug|Any CPU
		Release|Any CPU = Release|Any CPU
	EndGlobalSection
	GlobalSection(ProjectConfigurationPlatforms) = postSolution
		{D429ABC2-66BA-461B-AA83-8075B8733CF6}.Debug|Any CPU.ActiveCfg = Debug|Any CPU
		{D429ABC2-66BA-461B-AA83-8075B8733CF6}.Debug|Any CPU.Build.0 = Debug|Any CPU
		{D429ABC2-66BA-461B-AA83-8075B8733CF6}.Release|Any CPU.ActiveCfg = Release|Any CPU
		{D429ABC2-66BA-461B-AA83-8075B8733CF6}.Release|Any CPU.Build.0 = Release|Any CPU
	EndGlobalSection
	GlobalSection(SolutionProperties) = preSolution
		HideSolutionNode = FALSE
	EndGlobalSection
	GlobalSection(ExtensibilityGlobals) = postSolution
		SolutionGuid = {453A07D0-E42D-4112-8D44-2F56FED9D234}
	EndGlobalSection
EndGlobal
