
Microsoft Visual Studio Solution File, Format Version 12.00
# Visual Studio Version 16
VisualStudioVersion = 16.0.32802.440
MinimumVisualStudioVersion = 10.0.40219.1
Project("{FAE04EC0-301F-11D3-BF4B-00C04F79EFBC}") = "WpfApp1", "WpfApp1\WpfApp1.csproj", "{81218B07-65A4-4762-AD59-CD96094384F8}"
EndProject
Global
	GlobalSection(SolutionConfigurationPlatforms) = preSolution
		Debug|Any CPU = Debug|Any CPU
		Release|Any CPU = Release|Any CPU
	EndGlobalSection
	GlobalSection(ProjectConfigurationPlatforms) = postSolution
		{81218B07-65A4-4762-AD59-CD96094384F8}.Debug|Any CPU.ActiveCfg = Debug|Any CPU
		{81218B07-65A4-4762-AD59-CD96094384F8}.Debug|Any CPU.Build.0 = Debug|Any CPU
		{81218B07-65A4-4762-AD59-CD96094384F8}.Release|Any CPU.ActiveCfg = Release|Any CPU
		{81218B07-65A4-4762-AD59-CD96094384F8}.Release|Any CPU.Build.0 = Release|Any CPU
	EndGlobalSection
	GlobalSection(SolutionProperties) = preSolution
		HideSolutionNode = FALSE
	EndGlobalSection
	GlobalSection(ExtensibilityGlobals) = postSolution
		SolutionGuid = {FB49EED6-261F-4779-96FE-17C6A96318AB}
	EndGlobalSection
EndGlobal
